// !$*UTF8*$!
{
	archiveVersion = 1;
	classes = {
	};
	objectVersion = 46;
	objects = {

/* Begin PBXBuildFile section */
		596DF4291A22D50F000C1079 /* Quote.storyboard in Resources */ = {isa = PBXBuildFile; fileRef = 596DF4281A22D50F000C1079 /* Quote.storyboard */; };
		596DF42C1A22D5E5000C1079 /* PTQuoteTableViewController.m in Sources */ = {isa = PBXBuildFile; fileRef = 596DF42B1A22D5E5000C1079 /* PTQuoteTableViewController.m */; };
		596DF4301A22D617000C1079 /* PTQuoteTableViewCell.m in Sources */ = {isa = PBXBuildFile; fileRef = 596DF42F1A22D617000C1079 /* PTQuoteTableViewCell.m */; };
		5993AEC51A22DD370064CA45 /* QuetoHeaderView.xib in Resources */ = {isa = PBXBuildFile; fileRef = 5993AEC41A22DD370064CA45 /* QuetoHeaderView.xib */; };
		5993AECB1A22DE3E0064CA45 /* PTQuetoHeaderView.m in Sources */ = {isa = PBXBuildFile; fileRef = 5993AECA1A22DE3E0064CA45 /* PTQuetoHeaderView.m */; };
		5993AF951A22E2780064CA45 /* arrow_dark_down.png in Resources */ = {isa = PBXBuildFile; fileRef = 5993AF531A22E2770064CA45 /* arrow_dark_down.png */; };
		5993AF961A22E2780064CA45 /* arrow_red_left.png in Resources */ = {isa = PBXBuildFile; fileRef = 5993AF541A22E2770064CA45 /* arrow_red_left.png */; };
		5993AF971A22E2780064CA45 /* arrow_red_right.png in Resources */ = {isa = PBXBuildFile; fileRef = 5993AF551A22E2770064CA45 /* arrow_red_right.png */; };
		5993AF981A22E2780064CA45 /* back_logo.png in Resources */ = {isa = PBXBuildFile; fileRef = 5993AF561A22E2770064CA45 /* back_logo.png */; };
		5993AF991A22E2780064CA45 /* bg_call_put_1.png in Resources */ = {isa = PBXBuildFile; fileRef = 5993AF571A22E2770064CA45 /* bg_call_put_1.png */; };
		5993AF9A1A22E2780064CA45 /* bg_call_put_2.png in Resources */ = {isa = PBXBuildFile; fileRef = 5993AF581A22E2770064CA45 /* bg_call_put_2.png */; };
		5993AF9B1A22E2780064CA45 /* bg_call_put_3.png in Resources */ = {isa = PBXBuildFile; fileRef = 5993AF591A22E2770064CA45 /* bg_call_put_3.png */; };
		5993AF9C1A22E2780064CA45 /* btn_order.png in Resources */ = {isa = PBXBuildFile; fileRef = 5993AF5A1A22E2780064CA45 /* btn_order.png */; };
		5993AF9D1A22E2780064CA45 /* btn_strategy.png in Resources */ = {isa = PBXBuildFile; fileRef = 5993AF5B1A22E2780064CA45 /* btn_strategy.png */; };
		5993AF9E1A22E2780064CA45 /* buy_big_1.png in Resources */ = {isa = PBXBuildFile; fileRef = 5993AF5C1A22E2780064CA45 /* buy_big_1.png */; };
		5993AF9F1A22E2780064CA45 /* buy_big_2.png in Resources */ = {isa = PBXBuildFile; fileRef = 5993AF5D1A22E2780064CA45 /* buy_big_2.png */; };
		5993AFA01A22E2780064CA45 /* icon_buy.png in Resources */ = {isa = PBXBuildFile; fileRef = 5993AF5E1A22E2780064CA45 /* icon_buy.png */; };
		5993AFA11A22E2780064CA45 /* icon_green_down.png in Resources */ = {isa = PBXBuildFile; fileRef = 5993AF5F1A22E2780064CA45 /* icon_green_down.png */; };
		5993AFA21A22E2780064CA45 /* icon_message_red.png in Resources */ = {isa = PBXBuildFile; fileRef = 5993AF601A22E2780064CA45 /* icon_message_red.png */; };
		5993AFA31A22E2780064CA45 /* icon_modify.png in Resources */ = {isa = PBXBuildFile; fileRef = 5993AF611A22E2780064CA45 /* icon_modify.png */; };
		5993AFA41A22E2780064CA45 /* icon_more_white.png in Resources */ = {isa = PBXBuildFile; fileRef = 5993AF621A22E2780064CA45 /* icon_more_white.png */; };
		5993AFA51A22E2780064CA45 /* icon_price_small_1.png in Resources */ = {isa = PBXBuildFile; fileRef = 5993AF631A22E2780064CA45 /* icon_price_small_1.png */; };
		5993AFA61A22E2780064CA45 /* icon_price_small_2.png in Resources */ = {isa = PBXBuildFile; fileRef = 5993AF641A22E2780064CA45 /* icon_price_small_2.png */; };
		5993AFA71A22E2780064CA45 /* icon_price_small_3.png in Resources */ = {isa = PBXBuildFile; fileRef = 5993AF651A22E2780064CA45 /* icon_price_small_3.png */; };
		5993AFA81A22E2780064CA45 /* icon_red_up.png in Resources */ = {isa = PBXBuildFile; fileRef = 5993AF661A22E2780064CA45 /* icon_red_up.png */; };
		5993AFA91A22E2780064CA45 /* icon_sell.png in Resources */ = {isa = PBXBuildFile; fileRef = 5993AF671A22E2780064CA45 /* icon_sell.png */; };
		5993AFAA1A22E2780064CA45 /* icon_strategy_01.png in Resources */ = {isa = PBXBuildFile; fileRef = 5993AF681A22E2780064CA45 /* icon_strategy_01.png */; };
		5993AFAB1A22E2780064CA45 /* icon_strategy_02.png in Resources */ = {isa = PBXBuildFile; fileRef = 5993AF691A22E2780064CA45 /* icon_strategy_02.png */; };
		5993AFAC1A22E2780064CA45 /* icon_strategy_03.png in Resources */ = {isa = PBXBuildFile; fileRef = 5993AF6A1A22E2780064CA45 /* icon_strategy_03.png */; };
		5993AFAD1A22E2780064CA45 /* icon_strategy_04.png in Resources */ = {isa = PBXBuildFile; fileRef = 5993AF6B1A22E2780064CA45 /* icon_strategy_04.png */; };
		5993AFAE1A22E2780064CA45 /* icon_strategy_05.png in Resources */ = {isa = PBXBuildFile; fileRef = 5993AF6C1A22E2780064CA45 /* icon_strategy_05.png */; };
		5993AFAF1A22E2780064CA45 /* icon_strategy_06.png in Resources */ = {isa = PBXBuildFile; fileRef = 5993AF6D1A22E2780064CA45 /* icon_strategy_06.png */; };
		5993AFB01A22E2780064CA45 /* icon_strategy_07.png in Resources */ = {isa = PBXBuildFile; fileRef = 5993AF6E1A22E2780064CA45 /* icon_strategy_07.png */; };
		5993AFB11A22E2780064CA45 /* icon_strategy_08.png in Resources */ = {isa = PBXBuildFile; fileRef = 5993AF6F1A22E2780064CA45 /* icon_strategy_08.png */; };
		5993AFB21A22E2780064CA45 /* icon_strategy_09.png in Resources */ = {isa = PBXBuildFile; fileRef = 5993AF701A22E2780064CA45 /* icon_strategy_09.png */; };
		5993AFB31A22E2780064CA45 /* icon_strategy_10.png in Resources */ = {isa = PBXBuildFile; fileRef = 5993AF711A22E2780064CA45 /* icon_strategy_10.png */; };
		5993AFB41A22E2780064CA45 /* icon_strategy_11.png in Resources */ = {isa = PBXBuildFile; fileRef = 5993AF721A22E2780064CA45 /* icon_strategy_11.png */; };
		5993AFB51A22E2780064CA45 /* icon_strategy_12.png in Resources */ = {isa = PBXBuildFile; fileRef = 5993AF731A22E2780064CA45 /* icon_strategy_12.png */; };
		5993AFB61A22E2780064CA45 /* logo_index.png in Resources */ = {isa = PBXBuildFile; fileRef = 5993AF741A22E2780064CA45 /* logo_index.png */; };
		5993AFB71A22E2780064CA45 /* menu_1_1.png in Resources */ = {isa = PBXBuildFile; fileRef = 5993AF751A22E2780064CA45 /* menu_1_1.png */; };
		5993AFB81A22E2780064CA45 /* menu_1_2.png in Resources */ = {isa = PBXBuildFile; fileRef = 5993AF761A22E2780064CA45 /* menu_1_2.png */; };
		5993AFB91A22E2780064CA45 /* menu_2_1.png in Resources */ = {isa = PBXBuildFile; fileRef = 5993AF771A22E2780064CA45 /* menu_2_1.png */; };
		5993AFBA1A22E2780064CA45 /* menu_2_2.png in Resources */ = {isa = PBXBuildFile; fileRef = 5993AF781A22E2780064CA45 /* menu_2_2.png */; };
		5993AFBB1A22E2780064CA45 /* menu_3_1.png in Resources */ = {isa = PBXBuildFile; fileRef = 5993AF791A22E2780064CA45 /* menu_3_1.png */; };
		5993AFBC1A22E2780064CA45 /* menu_3_2.png in Resources */ = {isa = PBXBuildFile; fileRef = 5993AF7A1A22E2780064CA45 /* menu_3_2.png */; };
		5993AFBD1A22E2780064CA45 /* menu_4_1.png in Resources */ = {isa = PBXBuildFile; fileRef = 5993AF7B1A22E2780064CA45 /* menu_4_1.png */; };
		5993AFBE1A22E2780064CA45 /* menu_4_2.png in Resources */ = {isa = PBXBuildFile; fileRef = 5993AF7C1A22E2780064CA45 /* menu_4_2.png */; };
		5993AFBF1A22E2780064CA45 /* num-1.png in Resources */ = {isa = PBXBuildFile; fileRef = 5993AF7D1A22E2780064CA45 /* num-1.png */; };
		5993AFC01A22E2780064CA45 /* num+1.png in Resources */ = {isa = PBXBuildFile; fileRef = 5993AF7E1A22E2780064CA45 /* num+1.png */; };
		5993AFC11A22E2780064CA45 /* position_1_1.png in Resources */ = {isa = PBXBuildFile; fileRef = 5993AF7F1A22E2780064CA45 /* position_1_1.png */; };
		5993AFC21A22E2780064CA45 /* position_1_2.png in Resources */ = {isa = PBXBuildFile; fileRef = 5993AF801A22E2780064CA45 /* position_1_2.png */; };
		5993AFC31A22E2780064CA45 /* position_1_3.png in Resources */ = {isa = PBXBuildFile; fileRef = 5993AF811A22E2780064CA45 /* position_1_3.png */; };
		5993AFC41A22E2780064CA45 /* position_2_1.png in Resources */ = {isa = PBXBuildFile; fileRef = 5993AF821A22E2780064CA45 /* position_2_1.png */; };
		5993AFC51A22E2780064CA45 /* position_2_2.png in Resources */ = {isa = PBXBuildFile; fileRef = 5993AF831A22E2780064CA45 /* position_2_2.png */; };
		5993AFC61A22E2780064CA45 /* position_2_3.png in Resources */ = {isa = PBXBuildFile; fileRef = 5993AF841A22E2780064CA45 /* position_2_3.png */; };
		5993AFC71A22E2780064CA45 /* position_3_1.png in Resources */ = {isa = PBXBuildFile; fileRef = 5993AF851A22E2780064CA45 /* position_3_1.png */; };
		5993AFC81A22E2780064CA45 /* position_3_2.png in Resources */ = {isa = PBXBuildFile; fileRef = 5993AF861A22E2780064CA45 /* position_3_2.png */; };
		5993AFC91A22E2780064CA45 /* position_3_3.png in Resources */ = {isa = PBXBuildFile; fileRef = 5993AF871A22E2780064CA45 /* position_3_3.png */; };
		5993AFCA1A22E2780064CA45 /* position_4_1.png in Resources */ = {isa = PBXBuildFile; fileRef = 5993AF881A22E2780064CA45 /* position_4_1.png */; };
		5993AFCB1A22E2780064CA45 /* position_4_2.png in Resources */ = {isa = PBXBuildFile; fileRef = 5993AF891A22E2780064CA45 /* position_4_2.png */; };
		5993AFCC1A22E2780064CA45 /* position_4_3.png in Resources */ = {isa = PBXBuildFile; fileRef = 5993AF8A1A22E2780064CA45 /* position_4_3.png */; };
		5993AFCD1A22E2780064CA45 /* price_big_1_1.png in Resources */ = {isa = PBXBuildFile; fileRef = 5993AF8B1A22E2780064CA45 /* price_big_1_1.png */; };
		5993AFCE1A22E2780064CA45 /* price_big_1_2.png in Resources */ = {isa = PBXBuildFile; fileRef = 5993AF8C1A22E2780064CA45 /* price_big_1_2.png */; };
		5993AFCF1A22E2780064CA45 /* price_big_2_1.png in Resources */ = {isa = PBXBuildFile; fileRef = 5993AF8D1A22E2780064CA45 /* price_big_2_1.png */; };
		5993AFD01A22E2780064CA45 /* price_big_2_2.png in Resources */ = {isa = PBXBuildFile; fileRef = 5993AF8E1A22E2780064CA45 /* price_big_2_2.png */; };
		5993AFD11A22E2780064CA45 /* radio_1.png in Resources */ = {isa = PBXBuildFile; fileRef = 5993AF8F1A22E2780064CA45 /* radio_1.png */; };
		5993AFD21A22E2780064CA45 /* radio_2.png in Resources */ = {isa = PBXBuildFile; fileRef = 5993AF901A22E2780064CA45 /* radio_2.png */; };
		5993AFD31A22E2780064CA45 /* sell_big_1.png in Resources */ = {isa = PBXBuildFile; fileRef = 5993AF911A22E2780064CA45 /* sell_big_1.png */; };
		5993AFD41A22E2780064CA45 /* sell_big_2.png in Resources */ = {isa = PBXBuildFile; fileRef = 5993AF921A22E2780064CA45 /* sell_big_2.png */; };
		5993AFD51A22E2780064CA45 /* strategy_pic_01.png in Resources */ = {isa = PBXBuildFile; fileRef = 5993AF931A22E2780064CA45 /* strategy_pic_01.png */; };
		5993AFD61A22E2780064CA45 /* Thumbs.db in Resources */ = {isa = PBXBuildFile; fileRef = 5993AF941A22E2780064CA45 /* Thumbs.db */; };
		840D8BDE1A1B2C9800376E12 /* Converter.m in Sources */ = {isa = PBXBuildFile; fileRef = 840D8BDD1A1B2C9800376E12 /* Converter.m */; };
		840D8BE81A1B2CA000376E12 /* ColorConstant.m in Sources */ = {isa = PBXBuildFile; fileRef = 840D8BE11A1B2CA000376E12 /* ColorConstant.m */; };
		840D8BE91A1B2CA000376E12 /* StringExtension.m in Sources */ = {isa = PBXBuildFile; fileRef = 840D8BE31A1B2CA000376E12 /* StringExtension.m */; };
		840D8BEA1A1B2CA000376E12 /* UIColorExtension.m in Sources */ = {isa = PBXBuildFile; fileRef = 840D8BE51A1B2CA000376E12 /* UIColorExtension.m */; };
		840D8BEB1A1B2CA000376E12 /* UILabelExtension.m in Sources */ = {isa = PBXBuildFile; fileRef = 840D8BE71A1B2CA000376E12 /* UILabelExtension.m */; };
		840D8C361A1B2D2D00376E12 /* libstdc++.6.dylib in Frameworks */ = {isa = PBXBuildFile; fileRef = 840D8C351A1B2D2D00376E12 /* libstdc++.6.dylib */; };
		840FB0A81A1B3BA300007906 /* PTFcpQuoteTesterViewController.m in Sources */ = {isa = PBXBuildFile; fileRef = 840FB0A71A1B3BA300007906 /* PTFcpQuoteTesterViewController.m */; };
		844A0B291A1DD4100013DC11 /* PTFcpOrderTesterViewController.m in Sources */ = {isa = PBXBuildFile; fileRef = 844A0B281A1DD4100013DC11 /* PTFcpOrderTesterViewController.m */; };
		84554C4B1A22D72A00B033FF /* CombineStrategyOrder.m in Sources */ = {isa = PBXBuildFile; fileRef = 84554C3F1A22D72A00B033FF /* CombineStrategyOrder.m */; };
		84554C4C1A22D72A00B033FF /* OptionDetail.m in Sources */ = {isa = PBXBuildFile; fileRef = 84554C411A22D72A00B033FF /* OptionDetail.m */; };
		84554C4D1A22D72A00B033FF /* OptionStrategyDetail.m in Sources */ = {isa = PBXBuildFile; fileRef = 84554C431A22D72A00B033FF /* OptionStrategyDetail.m */; };
		84554C4E1A22D72A00B033FF /* OptionStrategyDetailItem.m in Sources */ = {isa = PBXBuildFile; fileRef = 84554C451A22D72A00B033FF /* OptionStrategyDetailItem.m */; };
		84554C501A22D72A00B033FF /* OptionTradeCost.m in Sources */ = {isa = PBXBuildFile; fileRef = 84554C4A1A22D72A00B033FF /* OptionTradeCost.m */; };
		84554C551A22D73C00B033FF /* StrategyOrder.m in Sources */ = {isa = PBXBuildFile; fileRef = 84554C521A22D73C00B033FF /* StrategyOrder.m */; };
		84554C561A22D73C00B033FF /* Ten_WenDieZuoZhuangStrategy.m in Sources */ = {isa = PBXBuildFile; fileRef = 84554C541A22D73C00B033FF /* Ten_WenDieZuoZhuangStrategy.m */; };
		84554C711A22D77D00B033FF /* Eight_WenDieStrategy.m in Sources */ = {isa = PBXBuildFile; fileRef = 84554C5A1A22D77D00B033FF /* Eight_WenDieStrategy.m */; };
		84554C721A22D77D00B033FF /* Eleven_XianPanZaiZhangStrategy.m in Sources */ = {isa = PBXBuildFile; fileRef = 84554C5C1A22D77D00B033FF /* Eleven_XianPanZaiZhangStrategy.m */; };
		84554C731A22D77D00B033FF /* Five_TuPoStrategy.m in Sources */ = {isa = PBXBuildFile; fileRef = 84554C5E1A22D77D00B033FF /* Five_TuPoStrategy.m */; };
		84554C741A22D77D00B033FF /* Four_NiuPiPianDanStrategy.m in Sources */ = {isa = PBXBuildFile; fileRef = 84554C601A22D77D00B033FF /* Four_NiuPiPianDanStrategy.m */; };
		84554C751A22D77D00B033FF /* Nine_WenZhangZuoZhuangStrategy.m in Sources */ = {isa = PBXBuildFile; fileRef = 84554C621A22D77D00B033FF /* Nine_WenZhangZuoZhuangStrategy.m */; };
		84554C761A22D77D00B033FF /* One_DaShengStrategy.m in Sources */ = {isa = PBXBuildFile; fileRef = 84554C641A22D77D00B033FF /* One_DaShengStrategy.m */; };
		84554C771A22D77D00B033FF /* OptionStrategy.m in Sources */ = {isa = PBXBuildFile; fileRef = 84554C661A22D77D00B033FF /* OptionStrategy.m */; };
		84554C781A22D77D00B033FF /* Seven_WenZhangStrategy.m in Sources */ = {isa = PBXBuildFile; fileRef = 84554C681A22D77D00B033FF /* Seven_WenZhangStrategy.m */; };
		84554C791A22D77D00B033FF /* Six_NiuPiStrategy.m in Sources */ = {isa = PBXBuildFile; fileRef = 84554C6A1A22D77D00B033FF /* Six_NiuPiStrategy.m */; };
		84554C7A1A22D77D00B033FF /* Three_NiuPiPianHaoStrategy.m in Sources */ = {isa = PBXBuildFile; fileRef = 84554C6C1A22D77D00B033FF /* Three_NiuPiPianHaoStrategy.m */; };
		84554C7B1A22D77D00B033FF /* Twelve_XianPanZaiDieStrategy.m in Sources */ = {isa = PBXBuildFile; fileRef = 84554C6E1A22D77D00B033FF /* Twelve_XianPanZaiDieStrategy.m */; };
		84554C7C1A22D77D00B033FF /* Two_DaDieStrategy.m in Sources */ = {isa = PBXBuildFile; fileRef = 84554C701A22D77D00B033FF /* Two_DaDieStrategy.m */; };
		84554C971A22D7B400B033FF /* Eight_WenDieProfitPoint.m in Sources */ = {isa = PBXBuildFile; fileRef = 84554C7E1A22D7B400B033FF /* Eight_WenDieProfitPoint.m */; };
		84554C991A22D7B400B033FF /* Five_TuPoProfitPoint.m in Sources */ = {isa = PBXBuildFile; fileRef = 84554C821A22D7B400B033FF /* Five_TuPoProfitPoint.m */; };
		84554C9A1A22D7B400B033FF /* Four_NiuPiPianDanProfitPoint.m in Sources */ = {isa = PBXBuildFile; fileRef = 84554C841A22D7B400B033FF /* Four_NiuPiPianDanProfitPoint.m */; };
		84554C9B1A22D7B400B033FF /* Nine_WenZhangZuoZhuangProfitPoint.m in Sources */ = {isa = PBXBuildFile; fileRef = 84554C861A22D7B400B033FF /* Nine_WenZhangZuoZhuangProfitPoint.m */; };
		84554C9C1A22D7B400B033FF /* One_DaShengProfitPoint.m in Sources */ = {isa = PBXBuildFile; fileRef = 84554C881A22D7B400B033FF /* One_DaShengProfitPoint.m */; };
		84554C9E1A22D7B400B033FF /* Seven_WenZhangProfitPoint.m in Sources */ = {isa = PBXBuildFile; fileRef = 84554C8C1A22D7B400B033FF /* Seven_WenZhangProfitPoint.m */; };
		84554C9F1A22D7B400B033FF /* Six_NiuPiProfitPoint.m in Sources */ = {isa = PBXBuildFile; fileRef = 84554C8E1A22D7B400B033FF /* Six_NiuPiProfitPoint.m */; };
		84554CA01A22D7B400B033FF /* Ten_WenDieZuoZhuangProfitPoint.m in Sources */ = {isa = PBXBuildFile; fileRef = 84554C901A22D7B400B033FF /* Ten_WenDieZuoZhuangProfitPoint.m */; };
		84554CA11A22D7B400B033FF /* Three_NiuPiPianHaoProfitPoint.m in Sources */ = {isa = PBXBuildFile; fileRef = 84554C921A22D7B400B033FF /* Three_NiuPiPianHaoProfitPoint.m */; };
		84554CA21A22D7B400B033FF /* Twelve_XianPanZaiDieProfitPoint.m in Sources */ = {isa = PBXBuildFile; fileRef = 84554C941A22D7B400B033FF /* Twelve_XianPanZaiDieProfitPoint.m */; };
		84719CCC1A1B2B5E0057CC2A /* main.m in Sources */ = {isa = PBXBuildFile; fileRef = 84719CCB1A1B2B5E0057CC2A /* main.m */; };
		84719CCF1A1B2B5E0057CC2A /* AppDelegate.m in Sources */ = {isa = PBXBuildFile; fileRef = 84719CCE1A1B2B5E0057CC2A /* AppDelegate.m */; };
		84719CD21A1B2B5E0057CC2A /* OptionStrategy.xcdatamodeld in Sources */ = {isa = PBXBuildFile; fileRef = 84719CD01A1B2B5E0057CC2A /* OptionStrategy.xcdatamodeld */; };
		84719CD51A1B2B5E0057CC2A /* ViewController.m in Sources */ = {isa = PBXBuildFile; fileRef = 84719CD41A1B2B5E0057CC2A /* ViewController.m */; };
		84719CD81A1B2B5E0057CC2A /* Main.storyboard in Resources */ = {isa = PBXBuildFile; fileRef = 84719CD61A1B2B5E0057CC2A /* Main.storyboard */; };
		84719CDA1A1B2B5E0057CC2A /* Images.xcassets in Resources */ = {isa = PBXBuildFile; fileRef = 84719CD91A1B2B5E0057CC2A /* Images.xcassets */; };
		84719CDD1A1B2B5E0057CC2A /* LaunchScreen.xib in Resources */ = {isa = PBXBuildFile; fileRef = 84719CDB1A1B2B5E0057CC2A /* LaunchScreen.xib */; };
		84719CE91A1B2B5E0057CC2A /* OptionStrategyTests.m in Sources */ = {isa = PBXBuildFile; fileRef = 84719CE81A1B2B5E0057CC2A /* OptionStrategyTests.m */; };
		848E2C9B1A22AF5F008478F5 /* libPolarisCtpDriver.a in Frameworks */ = {isa = PBXBuildFile; fileRef = 848E2C9A1A22AF5F008478F5 /* libPolarisCtpDriver.a */; };
		848E2C9F1A22AFC2008478F5 /* libthostmduserapi.a in Frameworks */ = {isa = PBXBuildFile; fileRef = 848E2C9D1A22AFC2008478F5 /* libthostmduserapi.a */; };
		848E2CA01A22AFC2008478F5 /* libthosttraderapi.a in Frameworks */ = {isa = PBXBuildFile; fileRef = 848E2C9E1A22AFC2008478F5 /* libthosttraderapi.a */; };
/* End PBXBuildFile section */

/* Begin PBXContainerItemProxy section */
		84719CE31A1B2B5E0057CC2A /* PBXContainerItemProxy */ = {
			isa = PBXContainerItemProxy;
			containerPortal = 84719CBE1A1B2B5E0057CC2A /* Project object */;
			proxyType = 1;
			remoteGlobalIDString = 84719CC51A1B2B5E0057CC2A;
			remoteInfo = OptionStrategy;
		};
/* End PBXContainerItemProxy section */

/* Begin PBXFileReference section */
		596DF4281A22D50F000C1079 /* Quote.storyboard */ = {isa = PBXFileReference; fileEncoding = 4; lastKnownFileType = file.storyboard; path = Quote.storyboard; sourceTree = "<group>"; };
		596DF42A1A22D5E5000C1079 /* PTQuoteTableViewController.h */ = {isa = PBXFileReference; fileEncoding = 4; lastKnownFileType = sourcecode.c.h; path = PTQuoteTableViewController.h; sourceTree = "<group>"; };
		596DF42B1A22D5E5000C1079 /* PTQuoteTableViewController.m */ = {isa = PBXFileReference; fileEncoding = 4; lastKnownFileType = sourcecode.c.objc; path = PTQuoteTableViewController.m; sourceTree = "<group>"; };
		596DF42E1A22D617000C1079 /* PTQuoteTableViewCell.h */ = {isa = PBXFileReference; fileEncoding = 4; lastKnownFileType = sourcecode.c.h; path = PTQuoteTableViewCell.h; sourceTree = "<group>"; };
		596DF42F1A22D617000C1079 /* PTQuoteTableViewCell.m */ = {isa = PBXFileReference; fileEncoding = 4; lastKnownFileType = sourcecode.c.objc; path = PTQuoteTableViewCell.m; sourceTree = "<group>"; };
		5993AEC41A22DD370064CA45 /* QuetoHeaderView.xib */ = {isa = PBXFileReference; fileEncoding = 4; lastKnownFileType = file.xib; path = QuetoHeaderView.xib; sourceTree = "<group>"; };
		5993AEC91A22DE3E0064CA45 /* PTQuetoHeaderView.h */ = {isa = PBXFileReference; fileEncoding = 4; lastKnownFileType = sourcecode.c.h; path = PTQuetoHeaderView.h; sourceTree = "<group>"; };
		5993AECA1A22DE3E0064CA45 /* PTQuetoHeaderView.m */ = {isa = PBXFileReference; fileEncoding = 4; lastKnownFileType = sourcecode.c.objc; path = PTQuetoHeaderView.m; sourceTree = "<group>"; };
		5993AF531A22E2770064CA45 /* arrow_dark_down.png */ = {isa = PBXFileReference; lastKnownFileType = image.png; name = arrow_dark_down.png; path = "../../../../../../Desktop/untitled folder/android/arrow_dark_down.png"; sourceTree = "<group>"; };
		5993AF541A22E2770064CA45 /* arrow_red_left.png */ = {isa = PBXFileReference; lastKnownFileType = image.png; name = arrow_red_left.png; path = "../../../../../../Desktop/untitled folder/android/arrow_red_left.png"; sourceTree = "<group>"; };
		5993AF551A22E2770064CA45 /* arrow_red_right.png */ = {isa = PBXFileReference; lastKnownFileType = image.png; name = arrow_red_right.png; path = "../../../../../../Desktop/untitled folder/android/arrow_red_right.png"; sourceTree = "<group>"; };
		5993AF561A22E2770064CA45 /* back_logo.png */ = {isa = PBXFileReference; lastKnownFileType = image.png; name = back_logo.png; path = "../../../../../../Desktop/untitled folder/android/back_logo.png"; sourceTree = "<group>"; };
		5993AF571A22E2770064CA45 /* bg_call_put_1.png */ = {isa = PBXFileReference; lastKnownFileType = image.png; name = bg_call_put_1.png; path = "../../../../../../Desktop/untitled folder/android/bg_call_put_1.png"; sourceTree = "<group>"; };
		5993AF581A22E2770064CA45 /* bg_call_put_2.png */ = {isa = PBXFileReference; lastKnownFileType = image.png; name = bg_call_put_2.png; path = "../../../../../../Desktop/untitled folder/android/bg_call_put_2.png"; sourceTree = "<group>"; };
		5993AF591A22E2770064CA45 /* bg_call_put_3.png */ = {isa = PBXFileReference; lastKnownFileType = image.png; name = bg_call_put_3.png; path = "../../../../../../Desktop/untitled folder/android/bg_call_put_3.png"; sourceTree = "<group>"; };
		5993AF5A1A22E2780064CA45 /* btn_order.png */ = {isa = PBXFileReference; lastKnownFileType = image.png; name = btn_order.png; path = "../../../../../../Desktop/untitled folder/android/btn_order.png"; sourceTree = "<group>"; };
		5993AF5B1A22E2780064CA45 /* btn_strategy.png */ = {isa = PBXFileReference; lastKnownFileType = image.png; name = btn_strategy.png; path = "../../../../../../Desktop/untitled folder/android/btn_strategy.png"; sourceTree = "<group>"; };
		5993AF5C1A22E2780064CA45 /* buy_big_1.png */ = {isa = PBXFileReference; lastKnownFileType = image.png; name = buy_big_1.png; path = "../../../../../../Desktop/untitled folder/android/buy_big_1.png"; sourceTree = "<group>"; };
		5993AF5D1A22E2780064CA45 /* buy_big_2.png */ = {isa = PBXFileReference; lastKnownFileType = image.png; name = buy_big_2.png; path = "../../../../../../Desktop/untitled folder/android/buy_big_2.png"; sourceTree = "<group>"; };
		5993AF5E1A22E2780064CA45 /* icon_buy.png */ = {isa = PBXFileReference; lastKnownFileType = image.png; name = icon_buy.png; path = "../../../../../../Desktop/untitled folder/android/icon_buy.png"; sourceTree = "<group>"; };
		5993AF5F1A22E2780064CA45 /* icon_green_down.png */ = {isa = PBXFileReference; lastKnownFileType = image.png; name = icon_green_down.png; path = "../../../../../../Desktop/untitled folder/android/icon_green_down.png"; sourceTree = "<group>"; };
		5993AF601A22E2780064CA45 /* icon_message_red.png */ = {isa = PBXFileReference; lastKnownFileType = image.png; name = icon_message_red.png; path = "../../../../../../Desktop/untitled folder/android/icon_message_red.png"; sourceTree = "<group>"; };
		5993AF611A22E2780064CA45 /* icon_modify.png */ = {isa = PBXFileReference; lastKnownFileType = image.png; name = icon_modify.png; path = "../../../../../../Desktop/untitled folder/android/icon_modify.png"; sourceTree = "<group>"; };
		5993AF621A22E2780064CA45 /* icon_more_white.png */ = {isa = PBXFileReference; lastKnownFileType = image.png; name = icon_more_white.png; path = "../../../../../../Desktop/untitled folder/android/icon_more_white.png"; sourceTree = "<group>"; };
		5993AF631A22E2780064CA45 /* icon_price_small_1.png */ = {isa = PBXFileReference; lastKnownFileType = image.png; name = icon_price_small_1.png; path = "../../../../../../Desktop/untitled folder/android/icon_price_small_1.png"; sourceTree = "<group>"; };
		5993AF641A22E2780064CA45 /* icon_price_small_2.png */ = {isa = PBXFileReference; lastKnownFileType = image.png; name = icon_price_small_2.png; path = "../../../../../../Desktop/untitled folder/android/icon_price_small_2.png"; sourceTree = "<group>"; };
		5993AF651A22E2780064CA45 /* icon_price_small_3.png */ = {isa = PBXFileReference; lastKnownFileType = image.png; name = icon_price_small_3.png; path = "../../../../../../Desktop/untitled folder/android/icon_price_small_3.png"; sourceTree = "<group>"; };
		5993AF661A22E2780064CA45 /* icon_red_up.png */ = {isa = PBXFileReference; lastKnownFileType = image.png; name = icon_red_up.png; path = "../../../../../../Desktop/untitled folder/android/icon_red_up.png"; sourceTree = "<group>"; };
		5993AF671A22E2780064CA45 /* icon_sell.png */ = {isa = PBXFileReference; lastKnownFileType = image.png; name = icon_sell.png; path = "../../../../../../Desktop/untitled folder/android/icon_sell.png"; sourceTree = "<group>"; };
		5993AF681A22E2780064CA45 /* icon_strategy_01.png */ = {isa = PBXFileReference; lastKnownFileType = image.png; name = icon_strategy_01.png; path = "../../../../../../Desktop/untitled folder/android/icon_strategy_01.png"; sourceTree = "<group>"; };
		5993AF691A22E2780064CA45 /* icon_strategy_02.png */ = {isa = PBXFileReference; lastKnownFileType = image.png; name = icon_strategy_02.png; path = "../../../../../../Desktop/untitled folder/android/icon_strategy_02.png"; sourceTree = "<group>"; };
		5993AF6A1A22E2780064CA45 /* icon_strategy_03.png */ = {isa = PBXFileReference; lastKnownFileType = image.png; name = icon_strategy_03.png; path = "../../../../../../Desktop/untitled folder/android/icon_strategy_03.png"; sourceTree = "<group>"; };
		5993AF6B1A22E2780064CA45 /* icon_strategy_04.png */ = {isa = PBXFileReference; lastKnownFileType = image.png; name = icon_strategy_04.png; path = "../../../../../../Desktop/untitled folder/android/icon_strategy_04.png"; sourceTree = "<group>"; };
		5993AF6C1A22E2780064CA45 /* icon_strategy_05.png */ = {isa = PBXFileReference; lastKnownFileType = image.png; name = icon_strategy_05.png; path = "../../../../../../Desktop/untitled folder/android/icon_strategy_05.png"; sourceTree = "<group>"; };
		5993AF6D1A22E2780064CA45 /* icon_strategy_06.png */ = {isa = PBXFileReference; lastKnownFileType = image.png; name = icon_strategy_06.png; path = "../../../../../../Desktop/untitled folder/android/icon_strategy_06.png"; sourceTree = "<group>"; };
		5993AF6E1A22E2780064CA45 /* icon_strategy_07.png */ = {isa = PBXFileReference; lastKnownFileType = image.png; name = icon_strategy_07.png; path = "../../../../../../Desktop/untitled folder/android/icon_strategy_07.png"; sourceTree = "<group>"; };
		5993AF6F1A22E2780064CA45 /* icon_strategy_08.png */ = {isa = PBXFileReference; lastKnownFileType = image.png; name = icon_strategy_08.png; path = "../../../../../../Desktop/untitled folder/android/icon_strategy_08.png"; sourceTree = "<group>"; };
		5993AF701A22E2780064CA45 /* icon_strategy_09.png */ = {isa = PBXFileReference; lastKnownFileType = image.png; name = icon_strategy_09.png; path = "../../../../../../Desktop/untitled folder/android/icon_strategy_09.png"; sourceTree = "<group>"; };
		5993AF711A22E2780064CA45 /* icon_strategy_10.png */ = {isa = PBXFileReference; lastKnownFileType = image.png; name = icon_strategy_10.png; path = "../../../../../../Desktop/untitled folder/android/icon_strategy_10.png"; sourceTree = "<group>"; };
		5993AF721A22E2780064CA45 /* icon_strategy_11.png */ = {isa = PBXFileReference; lastKnownFileType = image.png; name = icon_strategy_11.png; path = "../../../../../../Desktop/untitled folder/android/icon_strategy_11.png"; sourceTree = "<group>"; };
		5993AF731A22E2780064CA45 /* icon_strategy_12.png */ = {isa = PBXFileReference; lastKnownFileType = image.png; name = icon_strategy_12.png; path = "../../../../../../Desktop/untitled folder/android/icon_strategy_12.png"; sourceTree = "<group>"; };
		5993AF741A22E2780064CA45 /* logo_index.png */ = {isa = PBXFileReference; lastKnownFileType = image.png; name = logo_index.png; path = "../../../../../../Desktop/untitled folder/android/logo_index.png"; sourceTree = "<group>"; };
		5993AF751A22E2780064CA45 /* menu_1_1.png */ = {isa = PBXFileReference; lastKnownFileType = image.png; name = menu_1_1.png; path = "../../../../../../Desktop/untitled folder/android/menu_1_1.png"; sourceTree = "<group>"; };
		5993AF761A22E2780064CA45 /* menu_1_2.png */ = {isa = PBXFileReference; lastKnownFileType = image.png; name = menu_1_2.png; path = "../../../../../../Desktop/untitled folder/android/menu_1_2.png"; sourceTree = "<group>"; };
		5993AF771A22E2780064CA45 /* menu_2_1.png */ = {isa = PBXFileReference; lastKnownFileType = image.png; name = menu_2_1.png; path = "../../../../../../Desktop/untitled folder/android/menu_2_1.png"; sourceTree = "<group>"; };
		5993AF781A22E2780064CA45 /* menu_2_2.png */ = {isa = PBXFileReference; lastKnownFileType = image.png; name = menu_2_2.png; path = "../../../../../../Desktop/untitled folder/android/menu_2_2.png"; sourceTree = "<group>"; };
		5993AF791A22E2780064CA45 /* menu_3_1.png */ = {isa = PBXFileReference; lastKnownFileType = image.png; name = menu_3_1.png; path = "../../../../../../Desktop/untitled folder/android/menu_3_1.png"; sourceTree = "<group>"; };
		5993AF7A1A22E2780064CA45 /* menu_3_2.png */ = {isa = PBXFileReference; lastKnownFileType = image.png; name = menu_3_2.png; path = "../../../../../../Desktop/untitled folder/android/menu_3_2.png"; sourceTree = "<group>"; };
		5993AF7B1A22E2780064CA45 /* menu_4_1.png */ = {isa = PBXFileReference; lastKnownFileType = image.png; name = menu_4_1.png; path = "../../../../../../Desktop/untitled folder/android/menu_4_1.png"; sourceTree = "<group>"; };
		5993AF7C1A22E2780064CA45 /* menu_4_2.png */ = {isa = PBXFileReference; lastKnownFileType = image.png; name = menu_4_2.png; path = "../../../../../../Desktop/untitled folder/android/menu_4_2.png"; sourceTree = "<group>"; };
		5993AF7D1A22E2780064CA45 /* num-1.png */ = {isa = PBXFileReference; lastKnownFileType = image.png; name = "num-1.png"; path = "../../../../../../Desktop/untitled folder/android/num-1.png"; sourceTree = "<group>"; };
		5993AF7E1A22E2780064CA45 /* num+1.png */ = {isa = PBXFileReference; lastKnownFileType = image.png; name = "num+1.png"; path = "../../../../../../Desktop/untitled folder/android/num+1.png"; sourceTree = "<group>"; };
		5993AF7F1A22E2780064CA45 /* position_1_1.png */ = {isa = PBXFileReference; lastKnownFileType = image.png; name = position_1_1.png; path = "../../../../../../Desktop/untitled folder/android/position_1_1.png"; sourceTree = "<group>"; };
		5993AF801A22E2780064CA45 /* position_1_2.png */ = {isa = PBXFileReference; lastKnownFileType = image.png; name = position_1_2.png; path = "../../../../../../Desktop/untitled folder/android/position_1_2.png"; sourceTree = "<group>"; };
		5993AF811A22E2780064CA45 /* position_1_3.png */ = {isa = PBXFileReference; lastKnownFileType = image.png; name = position_1_3.png; path = "../../../../../../Desktop/untitled folder/android/position_1_3.png"; sourceTree = "<group>"; };
		5993AF821A22E2780064CA45 /* position_2_1.png */ = {isa = PBXFileReference; lastKnownFileType = image.png; name = position_2_1.png; path = "../../../../../../Desktop/untitled folder/android/position_2_1.png"; sourceTree = "<group>"; };
		5993AF831A22E2780064CA45 /* position_2_2.png */ = {isa = PBXFileReference; lastKnownFileType = image.png; name = position_2_2.png; path = "../../../../../../Desktop/untitled folder/android/position_2_2.png"; sourceTree = "<group>"; };
		5993AF841A22E2780064CA45 /* position_2_3.png */ = {isa = PBXFileReference; lastKnownFileType = image.png; name = position_2_3.png; path = "../../../../../../Desktop/untitled folder/android/position_2_3.png"; sourceTree = "<group>"; };
		5993AF851A22E2780064CA45 /* position_3_1.png */ = {isa = PBXFileReference; lastKnownFileType = image.png; name = position_3_1.png; path = "../../../../../../Desktop/untitled folder/android/position_3_1.png"; sourceTree = "<group>"; };
		5993AF861A22E2780064CA45 /* position_3_2.png */ = {isa = PBXFileReference; lastKnownFileType = image.png; name = position_3_2.png; path = "../../../../../../Desktop/untitled folder/android/position_3_2.png"; sourceTree = "<group>"; };
		5993AF871A22E2780064CA45 /* position_3_3.png */ = {isa = PBXFileReference; lastKnownFileType = image.png; name = position_3_3.png; path = "../../../../../../Desktop/untitled folder/android/position_3_3.png"; sourceTree = "<group>"; };
		5993AF881A22E2780064CA45 /* position_4_1.png */ = {isa = PBXFileReference; lastKnownFileType = image.png; name = position_4_1.png; path = "../../../../../../Desktop/untitled folder/android/position_4_1.png"; sourceTree = "<group>"; };
		5993AF891A22E2780064CA45 /* position_4_2.png */ = {isa = PBXFileReference; lastKnownFileType = image.png; name = position_4_2.png; path = "../../../../../../Desktop/untitled folder/android/position_4_2.png"; sourceTree = "<group>"; };
		5993AF8A1A22E2780064CA45 /* position_4_3.png */ = {isa = PBXFileReference; lastKnownFileType = image.png; name = position_4_3.png; path = "../../../../../../Desktop/untitled folder/android/position_4_3.png"; sourceTree = "<group>"; };
		5993AF8B1A22E2780064CA45 /* price_big_1_1.png */ = {isa = PBXFileReference; lastKnownFileType = image.png; name = price_big_1_1.png; path = "../../../../../../Desktop/untitled folder/android/price_big_1_1.png"; sourceTree = "<group>"; };
		5993AF8C1A22E2780064CA45 /* price_big_1_2.png */ = {isa = PBXFileReference; lastKnownFileType = image.png; name = price_big_1_2.png; path = "../../../../../../Desktop/untitled folder/android/price_big_1_2.png"; sourceTree = "<group>"; };
		5993AF8D1A22E2780064CA45 /* price_big_2_1.png */ = {isa = PBXFileReference; lastKnownFileType = image.png; name = price_big_2_1.png; path = "../../../../../../Desktop/untitled folder/android/price_big_2_1.png"; sourceTree = "<group>"; };
		5993AF8E1A22E2780064CA45 /* price_big_2_2.png */ = {isa = PBXFileReference; lastKnownFileType = image.png; name = price_big_2_2.png; path = "../../../../../../Desktop/untitled folder/android/price_big_2_2.png"; sourceTree = "<group>"; };
		5993AF8F1A22E2780064CA45 /* radio_1.png */ = {isa = PBXFileReference; lastKnownFileType = image.png; name = radio_1.png; path = "../../../../../../Desktop/untitled folder/android/radio_1.png"; sourceTree = "<group>"; };
		5993AF901A22E2780064CA45 /* radio_2.png */ = {isa = PBXFileReference; lastKnownFileType = image.png; name = radio_2.png; path = "../../../../../../Desktop/untitled folder/android/radio_2.png"; sourceTree = "<group>"; };
		5993AF911A22E2780064CA45 /* sell_big_1.png */ = {isa = PBXFileReference; lastKnownFileType = image.png; name = sell_big_1.png; path = "../../../../../../Desktop/untitled folder/android/sell_big_1.png"; sourceTree = "<group>"; };
		5993AF921A22E2780064CA45 /* sell_big_2.png */ = {isa = PBXFileReference; lastKnownFileType = image.png; name = sell_big_2.png; path = "../../../../../../Desktop/untitled folder/android/sell_big_2.png"; sourceTree = "<group>"; };
		5993AF931A22E2780064CA45 /* strategy_pic_01.png */ = {isa = PBXFileReference; lastKnownFileType = image.png; name = strategy_pic_01.png; path = "../../../../../../Desktop/untitled folder/android/strategy_pic_01.png"; sourceTree = "<group>"; };
		5993AF941A22E2780064CA45 /* Thumbs.db */ = {isa = PBXFileReference; lastKnownFileType = file; name = Thumbs.db; path = "../../../../../../Desktop/untitled folder/android/Thumbs.db"; sourceTree = "<group>"; };
		840D8BDC1A1B2C9800376E12 /* Converter.h */ = {isa = PBXFileReference; fileEncoding = 4; lastKnownFileType = sourcecode.c.h; path = Converter.h; sourceTree = "<group>"; };
		840D8BDD1A1B2C9800376E12 /* Converter.m */ = {isa = PBXFileReference; fileEncoding = 4; lastKnownFileType = sourcecode.c.objc; path = Converter.m; sourceTree = "<group>"; };
		840D8BE01A1B2CA000376E12 /* ColorConstant.h */ = {isa = PBXFileReference; fileEncoding = 4; lastKnownFileType = sourcecode.c.h; path = ColorConstant.h; sourceTree = "<group>"; };
		840D8BE11A1B2CA000376E12 /* ColorConstant.m */ = {isa = PBXFileReference; fileEncoding = 4; lastKnownFileType = sourcecode.c.objc; path = ColorConstant.m; sourceTree = "<group>"; };
		840D8BE21A1B2CA000376E12 /* StringExtension.h */ = {isa = PBXFileReference; fileEncoding = 4; lastKnownFileType = sourcecode.c.h; path = StringExtension.h; sourceTree = "<group>"; };
		840D8BE31A1B2CA000376E12 /* StringExtension.m */ = {isa = PBXFileReference; fileEncoding = 4; lastKnownFileType = sourcecode.c.objc; path = StringExtension.m; sourceTree = "<group>"; };
		840D8BE41A1B2CA000376E12 /* UIColorExtension.h */ = {isa = PBXFileReference; fileEncoding = 4; lastKnownFileType = sourcecode.c.h; path = UIColorExtension.h; sourceTree = "<group>"; };
		840D8BE51A1B2CA000376E12 /* UIColorExtension.m */ = {isa = PBXFileReference; fileEncoding = 4; lastKnownFileType = sourcecode.c.objc; path = UIColorExtension.m; sourceTree = "<group>"; };
		840D8BE61A1B2CA000376E12 /* UILabelExtension.h */ = {isa = PBXFileReference; fileEncoding = 4; lastKnownFileType = sourcecode.c.h; path = UILabelExtension.h; sourceTree = "<group>"; };
		840D8BE71A1B2CA000376E12 /* UILabelExtension.m */ = {isa = PBXFileReference; fileEncoding = 4; lastKnownFileType = sourcecode.c.objc; path = UILabelExtension.m; sourceTree = "<group>"; };
		840D8C351A1B2D2D00376E12 /* libstdc++.6.dylib */ = {isa = PBXFileReference; lastKnownFileType = "compiled.mach-o.dylib"; name = "libstdc++.6.dylib"; path = "usr/lib/libstdc++.6.dylib"; sourceTree = SDKROOT; };
		840FB0A61A1B3BA300007906 /* PTFcpQuoteTesterViewController.h */ = {isa = PBXFileReference; fileEncoding = 4; lastKnownFileType = sourcecode.c.h; path = PTFcpQuoteTesterViewController.h; sourceTree = "<group>"; };
		840FB0A71A1B3BA300007906 /* PTFcpQuoteTesterViewController.m */ = {isa = PBXFileReference; fileEncoding = 4; lastKnownFileType = sourcecode.c.objc; path = PTFcpQuoteTesterViewController.m; sourceTree = "<group>"; };
		844A0B271A1DD4100013DC11 /* PTFcpOrderTesterViewController.h */ = {isa = PBXFileReference; fileEncoding = 4; lastKnownFileType = sourcecode.c.h; path = PTFcpOrderTesterViewController.h; sourceTree = "<group>"; };
		844A0B281A1DD4100013DC11 /* PTFcpOrderTesterViewController.m */ = {isa = PBXFileReference; fileEncoding = 4; lastKnownFileType = sourcecode.c.objc; path = PTFcpOrderTesterViewController.m; sourceTree = "<group>"; };
		84554C3F1A22D72A00B033FF /* CombineStrategyOrder.m */ = {isa = PBXFileReference; fileEncoding = 4; lastKnownFileType = sourcecode.c.objc; name = CombineStrategyOrder.m; path = Polaris.OptionStrategy.Common/CombineStrategyOrder.m; sourceTree = "<group>"; };
		84554C411A22D72A00B033FF /* OptionDetail.m */ = {isa = PBXFileReference; fileEncoding = 4; lastKnownFileType = sourcecode.c.objc; name = OptionDetail.m; path = Polaris.OptionStrategy.Common/OptionDetail.m; sourceTree = "<group>"; };
		84554C431A22D72A00B033FF /* OptionStrategyDetail.m */ = {isa = PBXFileReference; fileEncoding = 4; lastKnownFileType = sourcecode.c.objc; name = OptionStrategyDetail.m; path = Polaris.OptionStrategy.Common/OptionStrategyDetail.m; sourceTree = "<group>"; };
		84554C451A22D72A00B033FF /* OptionStrategyDetailItem.m */ = {isa = PBXFileReference; fileEncoding = 4; lastKnownFileType = sourcecode.c.objc; name = OptionStrategyDetailItem.m; path = Polaris.OptionStrategy.Common/OptionStrategyDetailItem.m; sourceTree = "<group>"; };
		84554C4A1A22D72A00B033FF /* OptionTradeCost.m */ = {isa = PBXFileReference; fileEncoding = 4; lastKnownFileType = sourcecode.c.objc; name = OptionTradeCost.m; path = Polaris.OptionStrategy.Common/OptionTradeCost.m; sourceTree = "<group>"; };
		84554C521A22D73C00B033FF /* StrategyOrder.m */ = {isa = PBXFileReference; fileEncoding = 4; lastKnownFileType = sourcecode.c.objc; name = StrategyOrder.m; path = Polaris.OptionStrategy.Common/StrategyOrder.m; sourceTree = "<group>"; };
		84554C541A22D73C00B033FF /* Ten_WenDieZuoZhuangStrategy.m */ = {isa = PBXFileReference; fileEncoding = 4; lastKnownFileType = sourcecode.c.objc; name = Ten_WenDieZuoZhuangStrategy.m; path = Polaris.OptionStrategy.Common/Ten_WenDieZuoZhuangStrategy.m; sourceTree = "<group>"; };
		84554C5A1A22D77D00B033FF /* Eight_WenDieStrategy.m */ = {isa = PBXFileReference; fileEncoding = 4; lastKnownFileType = sourcecode.c.objc; name = Eight_WenDieStrategy.m; path = Polaris.OptionStrategy.Common/Strategy/Eight_WenDieStrategy.m; sourceTree = "<group>"; };
		84554C5C1A22D77D00B033FF /* Eleven_XianPanZaiZhangStrategy.m */ = {isa = PBXFileReference; fileEncoding = 4; lastKnownFileType = sourcecode.c.objc; name = Eleven_XianPanZaiZhangStrategy.m; path = Polaris.OptionStrategy.Common/Strategy/Eleven_XianPanZaiZhangStrategy.m; sourceTree = "<group>"; };
		84554C5E1A22D77D00B033FF /* Five_TuPoStrategy.m */ = {isa = PBXFileReference; fileEncoding = 4; lastKnownFileType = sourcecode.c.objc; name = Five_TuPoStrategy.m; path = Polaris.OptionStrategy.Common/Strategy/Five_TuPoStrategy.m; sourceTree = "<group>"; };
		84554C601A22D77D00B033FF /* Four_NiuPiPianDanStrategy.m */ = {isa = PBXFileReference; fileEncoding = 4; lastKnownFileType = sourcecode.c.objc; name = Four_NiuPiPianDanStrategy.m; path = Polaris.OptionStrategy.Common/Strategy/Four_NiuPiPianDanStrategy.m; sourceTree = "<group>"; };
		84554C621A22D77D00B033FF /* Nine_WenZhangZuoZhuangStrategy.m */ = {isa = PBXFileReference; fileEncoding = 4; lastKnownFileType = sourcecode.c.objc; name = Nine_WenZhangZuoZhuangStrategy.m; path = Polaris.OptionStrategy.Common/Strategy/Nine_WenZhangZuoZhuangStrategy.m; sourceTree = "<group>"; };
		84554C641A22D77D00B033FF /* One_DaShengStrategy.m */ = {isa = PBXFileReference; fileEncoding = 4; lastKnownFileType = sourcecode.c.objc; name = One_DaShengStrategy.m; path = Polaris.OptionStrategy.Common/Strategy/One_DaShengStrategy.m; sourceTree = "<group>"; };
		84554C661A22D77D00B033FF /* OptionStrategy.m */ = {isa = PBXFileReference; fileEncoding = 4; lastKnownFileType = sourcecode.c.objc; name = OptionStrategy.m; path = Polaris.OptionStrategy.Common/Strategy/OptionStrategy.m; sourceTree = "<group>"; };
		84554C681A22D77D00B033FF /* Seven_WenZhangStrategy.m */ = {isa = PBXFileReference; fileEncoding = 4; lastKnownFileType = sourcecode.c.objc; name = Seven_WenZhangStrategy.m; path = Polaris.OptionStrategy.Common/Strategy/Seven_WenZhangStrategy.m; sourceTree = "<group>"; };
		84554C6A1A22D77D00B033FF /* Six_NiuPiStrategy.m */ = {isa = PBXFileReference; fileEncoding = 4; lastKnownFileType = sourcecode.c.objc; name = Six_NiuPiStrategy.m; path = Polaris.OptionStrategy.Common/Strategy/Six_NiuPiStrategy.m; sourceTree = "<group>"; };
		84554C6C1A22D77D00B033FF /* Three_NiuPiPianHaoStrategy.m */ = {isa = PBXFileReference; fileEncoding = 4; lastKnownFileType = sourcecode.c.objc; name = Three_NiuPiPianHaoStrategy.m; path = Polaris.OptionStrategy.Common/Strategy/Three_NiuPiPianHaoStrategy.m; sourceTree = "<group>"; };
		84554C6E1A22D77D00B033FF /* Twelve_XianPanZaiDieStrategy.m */ = {isa = PBXFileReference; fileEncoding = 4; lastKnownFileType = sourcecode.c.objc; name = Twelve_XianPanZaiDieStrategy.m; path = Polaris.OptionStrategy.Common/Strategy/Twelve_XianPanZaiDieStrategy.m; sourceTree = "<group>"; };
		84554C701A22D77D00B033FF /* Two_DaDieStrategy.m */ = {isa = PBXFileReference; fileEncoding = 4; lastKnownFileType = sourcecode.c.objc; name = Two_DaDieStrategy.m; path = Polaris.OptionStrategy.Common/Strategy/Two_DaDieStrategy.m; sourceTree = "<group>"; };
		84554C7E1A22D7B400B033FF /* Eight_WenDieProfitPoint.m */ = {isa = PBXFileReference; fileEncoding = 4; lastKnownFileType = sourcecode.c.objc; name = Eight_WenDieProfitPoint.m; path = Polaris.OptionStrategy.Common/ProfitPoint/Eight_WenDieProfitPoint.m; sourceTree = "<group>"; };
		84554C821A22D7B400B033FF /* Five_TuPoProfitPoint.m */ = {isa = PBXFileReference; fileEncoding = 4; lastKnownFileType = sourcecode.c.objc; name = Five_TuPoProfitPoint.m; path = Polaris.OptionStrategy.Common/ProfitPoint/Five_TuPoProfitPoint.m; sourceTree = "<group>"; };
		84554C841A22D7B400B033FF /* Four_NiuPiPianDanProfitPoint.m */ = {isa = PBXFileReference; fileEncoding = 4; lastKnownFileType = sourcecode.c.objc; name = Four_NiuPiPianDanProfitPoint.m; path = Polaris.OptionStrategy.Common/ProfitPoint/Four_NiuPiPianDanProfitPoint.m; sourceTree = "<group>"; };
		84554C861A22D7B400B033FF /* Nine_WenZhangZuoZhuangProfitPoint.m */ = {isa = PBXFileReference; fileEncoding = 4; lastKnownFileType = sourcecode.c.objc; name = Nine_WenZhangZuoZhuangProfitPoint.m; path = Polaris.OptionStrategy.Common/ProfitPoint/Nine_WenZhangZuoZhuangProfitPoint.m; sourceTree = "<group>"; };
		84554C881A22D7B400B033FF /* One_DaShengProfitPoint.m */ = {isa = PBXFileReference; fileEncoding = 4; lastKnownFileType = sourcecode.c.objc; name = One_DaShengProfitPoint.m; path = Polaris.OptionStrategy.Common/ProfitPoint/One_DaShengProfitPoint.m; sourceTree = "<group>"; };
		84554C8C1A22D7B400B033FF /* Seven_WenZhangProfitPoint.m */ = {isa = PBXFileReference; fileEncoding = 4; lastKnownFileType = sourcecode.c.objc; name = Seven_WenZhangProfitPoint.m; path = Polaris.OptionStrategy.Common/ProfitPoint/Seven_WenZhangProfitPoint.m; sourceTree = "<group>"; };
		84554C8E1A22D7B400B033FF /* Six_NiuPiProfitPoint.m */ = {isa = PBXFileReference; fileEncoding = 4; lastKnownFileType = sourcecode.c.objc; name = Six_NiuPiProfitPoint.m; path = Polaris.OptionStrategy.Common/ProfitPoint/Six_NiuPiProfitPoint.m; sourceTree = "<group>"; };
		84554C901A22D7B400B033FF /* Ten_WenDieZuoZhuangProfitPoint.m */ = {isa = PBXFileReference; fileEncoding = 4; lastKnownFileType = sourcecode.c.objc; name = Ten_WenDieZuoZhuangProfitPoint.m; path = Polaris.OptionStrategy.Common/ProfitPoint/Ten_WenDieZuoZhuangProfitPoint.m; sourceTree = "<group>"; };
		84554C921A22D7B400B033FF /* Three_NiuPiPianHaoProfitPoint.m */ = {isa = PBXFileReference; fileEncoding = 4; lastKnownFileType = sourcecode.c.objc; name = Three_NiuPiPianHaoProfitPoint.m; path = Polaris.OptionStrategy.Common/ProfitPoint/Three_NiuPiPianHaoProfitPoint.m; sourceTree = "<group>"; };
		84554C941A22D7B400B033FF /* Twelve_XianPanZaiDieProfitPoint.m */ = {isa = PBXFileReference; fileEncoding = 4; lastKnownFileType = sourcecode.c.objc; name = Twelve_XianPanZaiDieProfitPoint.m; path = Polaris.OptionStrategy.Common/ProfitPoint/Twelve_XianPanZaiDieProfitPoint.m; sourceTree = "<group>"; };
		84719CC61A1B2B5E0057CC2A /* OptionStrategy.app */ = {isa = PBXFileReference; explicitFileType = wrapper.application; includeInIndex = 0; path = OptionStrategy.app; sourceTree = BUILT_PRODUCTS_DIR; };
		84719CCA1A1B2B5E0057CC2A /* Info.plist */ = {isa = PBXFileReference; lastKnownFileType = text.plist.xml; path = Info.plist; sourceTree = "<group>"; };
		84719CCB1A1B2B5E0057CC2A /* main.m */ = {isa = PBXFileReference; lastKnownFileType = sourcecode.c.objc; path = main.m; sourceTree = "<group>"; };
		84719CCD1A1B2B5E0057CC2A /* AppDelegate.h */ = {isa = PBXFileReference; lastKnownFileType = sourcecode.c.h; path = AppDelegate.h; sourceTree = "<group>"; };
		84719CCE1A1B2B5E0057CC2A /* AppDelegate.m */ = {isa = PBXFileReference; lastKnownFileType = sourcecode.c.objc; path = AppDelegate.m; sourceTree = "<group>"; };
		84719CD11A1B2B5E0057CC2A /* OptionStrategy.xcdatamodel */ = {isa = PBXFileReference; lastKnownFileType = wrapper.xcdatamodel; path = OptionStrategy.xcdatamodel; sourceTree = "<group>"; };
		84719CD31A1B2B5E0057CC2A /* ViewController.h */ = {isa = PBXFileReference; lastKnownFileType = sourcecode.c.h; path = ViewController.h; sourceTree = "<group>"; };
		84719CD41A1B2B5E0057CC2A /* ViewController.m */ = {isa = PBXFileReference; lastKnownFileType = sourcecode.c.objc; path = ViewController.m; sourceTree = "<group>"; };
		84719CD71A1B2B5E0057CC2A /* Base */ = {isa = PBXFileReference; lastKnownFileType = file.storyboard; name = Base; path = Base.lproj/Main.storyboard; sourceTree = "<group>"; };
		84719CD91A1B2B5E0057CC2A /* Images.xcassets */ = {isa = PBXFileReference; lastKnownFileType = folder.assetcatalog; path = Images.xcassets; sourceTree = "<group>"; };
		84719CDC1A1B2B5E0057CC2A /* Base */ = {isa = PBXFileReference; lastKnownFileType = file.xib; name = Base; path = Base.lproj/LaunchScreen.xib; sourceTree = "<group>"; };
		84719CE21A1B2B5E0057CC2A /* OptionStrategyTests.xctest */ = {isa = PBXFileReference; explicitFileType = wrapper.cfbundle; includeInIndex = 0; path = OptionStrategyTests.xctest; sourceTree = BUILT_PRODUCTS_DIR; };
		84719CE71A1B2B5E0057CC2A /* Info.plist */ = {isa = PBXFileReference; lastKnownFileType = text.plist.xml; path = Info.plist; sourceTree = "<group>"; };
		84719CE81A1B2B5E0057CC2A /* OptionStrategyTests.m */ = {isa = PBXFileReference; lastKnownFileType = sourcecode.c.objc; path = OptionStrategyTests.m; sourceTree = "<group>"; };
		848E2C9A1A22AF5F008478F5 /* libPolarisCtpDriver.a */ = {isa = PBXFileReference; lastKnownFileType = archive.ar; name = libPolarisCtpDriver.a; path = PolarisCtpDriver/libPolarisCtpDriver.a; sourceTree = "<group>"; };
		848E2C9D1A22AFC2008478F5 /* libthostmduserapi.a */ = {isa = PBXFileReference; lastKnownFileType = archive.ar; name = libthostmduserapi.a; path = traderapi_v6.3.0_ios386/libthostmduserapi.a; sourceTree = "<group>"; };
		848E2C9E1A22AFC2008478F5 /* libthosttraderapi.a */ = {isa = PBXFileReference; lastKnownFileType = archive.ar; name = libthosttraderapi.a; path = traderapi_v6.3.0_ios386/libthosttraderapi.a; sourceTree = "<group>"; };
/* End PBXFileReference section */

/* Begin PBXFrameworksBuildPhase section */
		84719CC31A1B2B5E0057CC2A /* Frameworks */ = {
			isa = PBXFrameworksBuildPhase;
			buildActionMask = 2147483647;
			files = (
				848E2C9F1A22AFC2008478F5 /* libthostmduserapi.a in Frameworks */,
				848E2CA01A22AFC2008478F5 /* libthosttraderapi.a in Frameworks */,
				848E2C9B1A22AF5F008478F5 /* libPolarisCtpDriver.a in Frameworks */,
				840D8C361A1B2D2D00376E12 /* libstdc++.6.dylib in Frameworks */,
			);
			runOnlyForDeploymentPostprocessing = 0;
		};
		84719CDF1A1B2B5E0057CC2A /* Frameworks */ = {
			isa = PBXFrameworksBuildPhase;
			buildActionMask = 2147483647;
			files = (
			);
			runOnlyForDeploymentPostprocessing = 0;
		};
/* End PBXFrameworksBuildPhase section */

/* Begin PBXGroup section */
		596DF4271A22D4FE000C1079 /* Quote */ = {
			isa = PBXGroup;
			children = (
				5993AEC31A22DD140064CA45 /* HeaderView */,
				596DF42D1A22D5FF000C1079 /* TableCell */,
				596DF4281A22D50F000C1079 /* Quote.storyboard */,
				596DF42A1A22D5E5000C1079 /* PTQuoteTableViewController.h */,
				596DF42B1A22D5E5000C1079 /* PTQuoteTableViewController.m */,
			);
			name = Quote;
			sourceTree = "<group>";
		};
		596DF42D1A22D5FF000C1079 /* TableCell */ = {
			isa = PBXGroup;
			children = (
				596DF42E1A22D617000C1079 /* PTQuoteTableViewCell.h */,
				596DF42F1A22D617000C1079 /* PTQuoteTableViewCell.m */,
			);
			name = TableCell;
			sourceTree = "<group>";
		};
		5993AEC31A22DD140064CA45 /* HeaderView */ = {
			isa = PBXGroup;
			children = (
				5993AEC41A22DD370064CA45 /* QuetoHeaderView.xib */,
				5993AEC91A22DE3E0064CA45 /* PTQuetoHeaderView.h */,
				5993AECA1A22DE3E0064CA45 /* PTQuetoHeaderView.m */,
			);
			name = HeaderView;
			sourceTree = "<group>";
		};
		5993AECC1A22E1DB0064CA45 /* Images */ = {
			isa = PBXGroup;
			children = (
				5993AF531A22E2770064CA45 /* arrow_dark_down.png */,
				5993AF541A22E2770064CA45 /* arrow_red_left.png */,
				5993AF551A22E2770064CA45 /* arrow_red_right.png */,
				5993AF561A22E2770064CA45 /* back_logo.png */,
				5993AF571A22E2770064CA45 /* bg_call_put_1.png */,
				5993AF581A22E2770064CA45 /* bg_call_put_2.png */,
				5993AF591A22E2770064CA45 /* bg_call_put_3.png */,
				5993AF5A1A22E2780064CA45 /* btn_order.png */,
				5993AF5B1A22E2780064CA45 /* btn_strategy.png */,
				5993AF5C1A22E2780064CA45 /* buy_big_1.png */,
				5993AF5D1A22E2780064CA45 /* buy_big_2.png */,
				5993AF5E1A22E2780064CA45 /* icon_buy.png */,
				5993AF5F1A22E2780064CA45 /* icon_green_down.png */,
				5993AF601A22E2780064CA45 /* icon_message_red.png */,
				5993AF611A22E2780064CA45 /* icon_modify.png */,
				5993AF621A22E2780064CA45 /* icon_more_white.png */,
				5993AF631A22E2780064CA45 /* icon_price_small_1.png */,
				5993AF641A22E2780064CA45 /* icon_price_small_2.png */,
				5993AF651A22E2780064CA45 /* icon_price_small_3.png */,
				5993AF661A22E2780064CA45 /* icon_red_up.png */,
				5993AF671A22E2780064CA45 /* icon_sell.png */,
				5993AF681A22E2780064CA45 /* icon_strategy_01.png */,
				5993AF691A22E2780064CA45 /* icon_strategy_02.png */,
				5993AF6A1A22E2780064CA45 /* icon_strategy_03.png */,
				5993AF6B1A22E2780064CA45 /* icon_strategy_04.png */,
				5993AF6C1A22E2780064CA45 /* icon_strategy_05.png */,
				5993AF6D1A22E2780064CA45 /* icon_strategy_06.png */,
				5993AF6E1A22E2780064CA45 /* icon_strategy_07.png */,
				5993AF6F1A22E2780064CA45 /* icon_strategy_08.png */,
				5993AF701A22E2780064CA45 /* icon_strategy_09.png */,
				5993AF711A22E2780064CA45 /* icon_strategy_10.png */,
				5993AF721A22E2780064CA45 /* icon_strategy_11.png */,
				5993AF731A22E2780064CA45 /* icon_strategy_12.png */,
				5993AF741A22E2780064CA45 /* logo_index.png */,
				5993AF751A22E2780064CA45 /* menu_1_1.png */,
				5993AF761A22E2780064CA45 /* menu_1_2.png */,
				5993AF771A22E2780064CA45 /* menu_2_1.png */,
				5993AF781A22E2780064CA45 /* menu_2_2.png */,
				5993AF791A22E2780064CA45 /* menu_3_1.png */,
				5993AF7A1A22E2780064CA45 /* menu_3_2.png */,
				5993AF7B1A22E2780064CA45 /* menu_4_1.png */,
				5993AF7C1A22E2780064CA45 /* menu_4_2.png */,
				5993AF7D1A22E2780064CA45 /* num-1.png */,
				5993AF7E1A22E2780064CA45 /* num+1.png */,
				5993AF7F1A22E2780064CA45 /* position_1_1.png */,
				5993AF801A22E2780064CA45 /* position_1_2.png */,
				5993AF811A22E2780064CA45 /* position_1_3.png */,
				5993AF821A22E2780064CA45 /* position_2_1.png */,
				5993AF831A22E2780064CA45 /* position_2_2.png */,
				5993AF841A22E2780064CA45 /* position_2_3.png */,
				5993AF851A22E2780064CA45 /* position_3_1.png */,
				5993AF861A22E2780064CA45 /* position_3_2.png */,
				5993AF871A22E2780064CA45 /* position_3_3.png */,
				5993AF881A22E2780064CA45 /* position_4_1.png */,
				5993AF891A22E2780064CA45 /* position_4_2.png */,
				5993AF8A1A22E2780064CA45 /* position_4_3.png */,
				5993AF8B1A22E2780064CA45 /* price_big_1_1.png */,
				5993AF8C1A22E2780064CA45 /* price_big_1_2.png */,
				5993AF8D1A22E2780064CA45 /* price_big_2_1.png */,
				5993AF8E1A22E2780064CA45 /* price_big_2_2.png */,
				5993AF8F1A22E2780064CA45 /* radio_1.png */,
				5993AF901A22E2780064CA45 /* radio_2.png */,
				5993AF911A22E2780064CA45 /* sell_big_1.png */,
				5993AF921A22E2780064CA45 /* sell_big_2.png */,
				5993AF931A22E2780064CA45 /* strategy_pic_01.png */,
				5993AF941A22E2780064CA45 /* Thumbs.db */,
			);
			name = Images;
			sourceTree = "<group>";
		};
		840D8BDB1A1B2C9800376E12 /* Common */ = {
			isa = PBXGroup;
			children = (
				840D8BDC1A1B2C9800376E12 /* Converter.h */,
				840D8BDD1A1B2C9800376E12 /* Converter.m */,
			);
			path = Common;
			sourceTree = "<group>";
		};
		840D8BDF1A1B2CA000376E12 /* Extensions */ = {
			isa = PBXGroup;
			children = (
				840D8BE01A1B2CA000376E12 /* ColorConstant.h */,
				840D8BE11A1B2CA000376E12 /* ColorConstant.m */,
				840D8BE21A1B2CA000376E12 /* StringExtension.h */,
				840D8BE31A1B2CA000376E12 /* StringExtension.m */,
				840D8BE41A1B2CA000376E12 /* UIColorExtension.h */,
				840D8BE51A1B2CA000376E12 /* UIColorExtension.m */,
				840D8BE61A1B2CA000376E12 /* UILabelExtension.h */,
				840D8BE71A1B2CA000376E12 /* UILabelExtension.m */,
			);
			path = Extensions;
			sourceTree = "<group>";
		};
		84719CBD1A1B2B5E0057CC2A = {
			isa = PBXGroup;
			children = (
				848E2C9D1A22AFC2008478F5 /* libthostmduserapi.a */,
				848E2C9E1A22AFC2008478F5 /* libthosttraderapi.a */,
				848E2C9A1A22AF5F008478F5 /* libPolarisCtpDriver.a */,
				840D8C351A1B2D2D00376E12 /* libstdc++.6.dylib */,
				840D8BDF1A1B2CA000376E12 /* Extensions */,
				840D8BDB1A1B2C9800376E12 /* Common */,
				84719CC81A1B2B5E0057CC2A /* OptionStrategy */,
				84719CE51A1B2B5E0057CC2A /* OptionStrategyTests */,
				84719CC71A1B2B5E0057CC2A /* Products */,
			);
			sourceTree = "<group>";
		};
		84719CC71A1B2B5E0057CC2A /* Products */ = {
			isa = PBXGroup;
			children = (
				84719CC61A1B2B5E0057CC2A /* OptionStrategy.app */,
				84719CE21A1B2B5E0057CC2A /* OptionStrategyTests.xctest */,
			);
			name = Products;
			sourceTree = "<group>";
		};
		84719CC81A1B2B5E0057CC2A /* OptionStrategy */ = {
			isa = PBXGroup;
			children = (
				5993AECC1A22E1DB0064CA45 /* Images */,
				596DF4271A22D4FE000C1079 /* Quote */,
				84719CCD1A1B2B5E0057CC2A /* AppDelegate.h */,
				84719CCE1A1B2B5E0057CC2A /* AppDelegate.m */,
				844A0B271A1DD4100013DC11 /* PTFcpOrderTesterViewController.h */,
				844A0B281A1DD4100013DC11 /* PTFcpOrderTesterViewController.m */,
				840FB0A61A1B3BA300007906 /* PTFcpQuoteTesterViewController.h */,
				840FB0A71A1B3BA300007906 /* PTFcpQuoteTesterViewController.m */,
				84719CD31A1B2B5E0057CC2A /* ViewController.h */,
				84719CD41A1B2B5E0057CC2A /* ViewController.m */,
				84719CD61A1B2B5E0057CC2A /* Main.storyboard */,
				84719CD91A1B2B5E0057CC2A /* Images.xcassets */,
				84719CDB1A1B2B5E0057CC2A /* LaunchScreen.xib */,
				84719CD01A1B2B5E0057CC2A /* OptionStrategy.xcdatamodeld */,
				84719CC91A1B2B5E0057CC2A /* Supporting Files */,
			);
			path = OptionStrategy;
			sourceTree = "<group>";
		};
		84719CC91A1B2B5E0057CC2A /* Supporting Files */ = {
			isa = PBXGroup;
			children = (
				84719CCA1A1B2B5E0057CC2A /* Info.plist */,
				84719CCB1A1B2B5E0057CC2A /* main.m */,
			);
			name = "Supporting Files";
			sourceTree = "<group>";
		};
		84719CE51A1B2B5E0057CC2A /* OptionStrategyTests */ = {
			isa = PBXGroup;
			children = (
				84719CE81A1B2B5E0057CC2A /* OptionStrategyTests.m */,
				84719CE61A1B2B5E0057CC2A /* Supporting Files */,
			);
			path = OptionStrategyTests;
			sourceTree = "<group>";
		};
		84719CE61A1B2B5E0057CC2A /* Supporting Files */ = {
			isa = PBXGroup;
			children = (
				84719CE71A1B2B5E0057CC2A /* Info.plist */,
			);
			name = "Supporting Files";
			sourceTree = "<group>";
		};
/* End PBXGroup section */

/* Begin PBXNativeTarget section */
		84719CC51A1B2B5E0057CC2A /* OptionStrategy */ = {
			isa = PBXNativeTarget;
			buildConfigurationList = 84719CEC1A1B2B5E0057CC2A /* Build configuration list for PBXNativeTarget "OptionStrategy" */;
			buildPhases = (
				84719CC21A1B2B5E0057CC2A /* Sources */,
				84719CC31A1B2B5E0057CC2A /* Frameworks */,
				84719CC41A1B2B5E0057CC2A /* Resources */,
			);
			buildRules = (
			);
			dependencies = (
			);
			name = OptionStrategy;
			productName = OptionStrategy;
			productReference = 84719CC61A1B2B5E0057CC2A /* OptionStrategy.app */;
			productType = "com.apple.product-type.application";
		};
		84719CE11A1B2B5E0057CC2A /* OptionStrategyTests */ = {
			isa = PBXNativeTarget;
			buildConfigurationList = 84719CEF1A1B2B5E0057CC2A /* Build configuration list for PBXNativeTarget "OptionStrategyTests" */;
			buildPhases = (
				84719CDE1A1B2B5E0057CC2A /* Sources */,
				84719CDF1A1B2B5E0057CC2A /* Frameworks */,
				84719CE01A1B2B5E0057CC2A /* Resources */,
			);
			buildRules = (
			);
			dependencies = (
				84719CE41A1B2B5E0057CC2A /* PBXTargetDependency */,
			);
			name = OptionStrategyTests;
			productName = OptionStrategyTests;
			productReference = 84719CE21A1B2B5E0057CC2A /* OptionStrategyTests.xctest */;
			productType = "com.apple.product-type.bundle.unit-test";
		};
/* End PBXNativeTarget section */

/* Begin PBXProject section */
		84719CBE1A1B2B5E0057CC2A /* Project object */ = {
			isa = PBXProject;
			attributes = {
				CLASSPREFIX = PT;
				LastUpgradeCheck = 0600;
				ORGANIZATIONNAME = "Polaris Technology";
				TargetAttributes = {
					84719CC51A1B2B5E0057CC2A = {
						CreatedOnToolsVersion = 6.0;
					};
					84719CE11A1B2B5E0057CC2A = {
						CreatedOnToolsVersion = 6.0;
						TestTargetID = 84719CC51A1B2B5E0057CC2A;
					};
				};
			};
			buildConfigurationList = 84719CC11A1B2B5E0057CC2A /* Build configuration list for PBXProject "OptionStrategy" */;
			compatibilityVersion = "Xcode 3.2";
			developmentRegion = English;
			hasScannedForEncodings = 0;
			knownRegions = (
				en,
				Base,
			);
			mainGroup = 84719CBD1A1B2B5E0057CC2A;
			productRefGroup = 84719CC71A1B2B5E0057CC2A /* Products */;
			projectDirPath = "";
			projectRoot = "";
			targets = (
				84719CC51A1B2B5E0057CC2A /* OptionStrategy */,
				84719CE11A1B2B5E0057CC2A /* OptionStrategyTests */,
			);
		};
/* End PBXProject section */

/* Begin PBXResourcesBuildPhase section */
		84719CC41A1B2B5E0057CC2A /* Resources */ = {
			isa = PBXResourcesBuildPhase;
			buildActionMask = 2147483647;
			files = (
				5993AFD61A22E2780064CA45 /* Thumbs.db in Resources */,
				5993AFA91A22E2780064CA45 /* icon_sell.png in Resources */,
				5993AF9E1A22E2780064CA45 /* buy_big_1.png in Resources */,
				5993AFB51A22E2780064CA45 /* icon_strategy_12.png in Resources */,
				5993AF971A22E2780064CA45 /* arrow_red_right.png in Resources */,
				5993AF9F1A22E2780064CA45 /* buy_big_2.png in Resources */,
				84719CD81A1B2B5E0057CC2A /* Main.storyboard in Resources */,
				5993AFD01A22E2780064CA45 /* price_big_2_2.png in Resources */,
				5993AF9C1A22E2780064CA45 /* btn_order.png in Resources */,
				5993AFD51A22E2780064CA45 /* strategy_pic_01.png in Resources */,
				5993AFC01A22E2780064CA45 /* num+1.png in Resources */,
				5993AFD11A22E2780064CA45 /* radio_1.png in Resources */,
				5993AFBD1A22E2780064CA45 /* menu_4_1.png in Resources */,
				5993AFCF1A22E2780064CA45 /* price_big_2_1.png in Resources */,
				5993AFCC1A22E2780064CA45 /* position_4_3.png in Resources */,
				5993AFB91A22E2780064CA45 /* menu_2_1.png in Resources */,
				5993AFA01A22E2780064CA45 /* icon_buy.png in Resources */,
				5993AFB11A22E2780064CA45 /* icon_strategy_08.png in Resources */,
				5993AFB01A22E2780064CA45 /* icon_strategy_07.png in Resources */,
				5993AFAF1A22E2780064CA45 /* icon_strategy_06.png in Resources */,
				5993AF951A22E2780064CA45 /* arrow_dark_down.png in Resources */,
				5993AFA61A22E2780064CA45 /* icon_price_small_2.png in Resources */,
				5993AFD21A22E2780064CA45 /* radio_2.png in Resources */,
				5993AFC11A22E2780064CA45 /* position_1_1.png in Resources */,
				5993AFB81A22E2780064CA45 /* menu_1_2.png in Resources */,
				5993AFC51A22E2780064CA45 /* position_2_2.png in Resources */,
				5993AF981A22E2780064CA45 /* back_logo.png in Resources */,
				5993AFBC1A22E2780064CA45 /* menu_3_2.png in Resources */,
				5993AFB61A22E2780064CA45 /* logo_index.png in Resources */,
				5993AF9A1A22E2780064CA45 /* bg_call_put_2.png in Resources */,
				5993AFC31A22E2780064CA45 /* position_1_3.png in Resources */,
				5993AF991A22E2780064CA45 /* bg_call_put_1.png in Resources */,
				5993AFC41A22E2780064CA45 /* position_2_1.png in Resources */,
				5993AFCA1A22E2780064CA45 /* position_4_1.png in Resources */,
				5993AFC61A22E2780064CA45 /* position_2_3.png in Resources */,
				5993AFA11A22E2780064CA45 /* icon_green_down.png in Resources */,
				5993AFC91A22E2780064CA45 /* position_3_3.png in Resources */,
				5993AFAA1A22E2780064CA45 /* icon_strategy_01.png in Resources */,
				5993AF9B1A22E2780064CA45 /* bg_call_put_3.png in Resources */,
				5993AFBA1A22E2780064CA45 /* menu_2_2.png in Resources */,
				5993AFAB1A22E2780064CA45 /* icon_strategy_02.png in Resources */,
				5993AFA51A22E2780064CA45 /* icon_price_small_1.png in Resources */,
				596DF4291A22D50F000C1079 /* Quote.storyboard in Resources */,
				5993AFCB1A22E2780064CA45 /* position_4_2.png in Resources */,
				5993AFCD1A22E2780064CA45 /* price_big_1_1.png in Resources */,
				5993AFA21A22E2780064CA45 /* icon_message_red.png in Resources */,
				5993AFB31A22E2780064CA45 /* icon_strategy_10.png in Resources */,
				5993AFCE1A22E2780064CA45 /* price_big_1_2.png in Resources */,
				5993AFAD1A22E2780064CA45 /* icon_strategy_04.png in Resources */,
				5993AEC51A22DD370064CA45 /* QuetoHeaderView.xib in Resources */,
				5993AFB41A22E2780064CA45 /* icon_strategy_11.png in Resources */,
				5993AFC81A22E2780064CA45 /* position_3_2.png in Resources */,
				5993AFD31A22E2780064CA45 /* sell_big_1.png in Resources */,
				5993AFA81A22E2780064CA45 /* icon_red_up.png in Resources */,
				5993AFC21A22E2780064CA45 /* position_1_2.png in Resources */,
				5993AFAC1A22E2780064CA45 /* icon_strategy_03.png in Resources */,
				5993AFC71A22E2780064CA45 /* position_3_1.png in Resources */,
				84719CDD1A1B2B5E0057CC2A /* LaunchScreen.xib in Resources */,
				5993AFA41A22E2780064CA45 /* icon_more_white.png in Resources */,
				5993AF9D1A22E2780064CA45 /* btn_strategy.png in Resources */,
				5993AFB21A22E2780064CA45 /* icon_strategy_09.png in Resources */,
				5993AF961A22E2780064CA45 /* arrow_red_left.png in Resources */,
				5993AFBE1A22E2780064CA45 /* menu_4_2.png in Resources */,
				5993AFBB1A22E2780064CA45 /* menu_3_1.png in Resources */,
				5993AFBF1A22E2780064CA45 /* num-1.png in Resources */,
				5993AFD41A22E2780064CA45 /* sell_big_2.png in Resources */,
				5993AFAE1A22E2780064CA45 /* icon_strategy_05.png in Resources */,
				5993AFB71A22E2780064CA45 /* menu_1_1.png in Resources */,
				5993AFA31A22E2780064CA45 /* icon_modify.png in Resources */,
				5993AFA71A22E2780064CA45 /* icon_price_small_3.png in Resources */,
				84719CDA1A1B2B5E0057CC2A /* Images.xcassets in Resources */,
			);
			runOnlyForDeploymentPostprocessing = 0;
		};
		84719CE01A1B2B5E0057CC2A /* Resources */ = {
			isa = PBXResourcesBuildPhase;
			buildActionMask = 2147483647;
			files = (
			);
			runOnlyForDeploymentPostprocessing = 0;
		};
/* End PBXResourcesBuildPhase section */

/* Begin PBXSourcesBuildPhase section */
		84719CC21A1B2B5E0057CC2A /* Sources */ = {
			isa = PBXSourcesBuildPhase;
			buildActionMask = 2147483647;
			files = (
				840D8BEB1A1B2CA000376E12 /* UILabelExtension.m in Sources */,
				840D8BDE1A1B2C9800376E12 /* Converter.m in Sources */,
				840D8BE81A1B2CA000376E12 /* ColorConstant.m in Sources */,
				84554CA21A22D7B400B033FF /* Twelve_XianPanZaiDieProfitPoint.m in Sources */,
				84554C4E1A22D72A00B033FF /* OptionStrategyDetailItem.m in Sources */,
				84554C9C1A22D7B400B033FF /* One_DaShengProfitPoint.m in Sources */,
				84554C741A22D77D00B033FF /* Four_NiuPiPianDanStrategy.m in Sources */,
				84554C561A22D73C00B033FF /* Ten_WenDieZuoZhuangStrategy.m in Sources */,
				84554CA11A22D7B400B033FF /* Three_NiuPiPianHaoProfitPoint.m in Sources */,
				84554C4C1A22D72A00B033FF /* OptionDetail.m in Sources */,
				84719CD21A1B2B5E0057CC2A /* OptionStrategy.xcdatamodeld in Sources */,
				596DF42C1A22D5E5000C1079 /* PTQuoteTableViewController.m in Sources */,
				5993AECB1A22DE3E0064CA45 /* PTQuetoHeaderView.m in Sources */,
				844A0B291A1DD4100013DC11 /* PTFcpOrderTesterViewController.m in Sources */,
				84719CCF1A1B2B5E0057CC2A /* AppDelegate.m in Sources */,
				84554CA01A22D7B400B033FF /* Ten_WenDieZuoZhuangProfitPoint.m in Sources */,
				84554C9B1A22D7B400B033FF /* Nine_WenZhangZuoZhuangProfitPoint.m in Sources */,
				84554C731A22D77D00B033FF /* Five_TuPoStrategy.m in Sources */,
				84554C781A22D77D00B033FF /* Seven_WenZhangStrategy.m in Sources */,
				84554C7B1A22D77D00B033FF /* Twelve_XianPanZaiDieStrategy.m in Sources */,
				84554C9F1A22D7B400B033FF /* Six_NiuPiProfitPoint.m in Sources */,
				84554C9A1A22D7B400B033FF /* Four_NiuPiPianDanProfitPoint.m in Sources */,
				84554C4B1A22D72A00B033FF /* CombineStrategyOrder.m in Sources */,
				84554C991A22D7B400B033FF /* Five_TuPoProfitPoint.m in Sources */,
				84554C501A22D72A00B033FF /* OptionTradeCost.m in Sources */,
				84554C971A22D7B400B033FF /* Eight_WenDieProfitPoint.m in Sources */,
				840D8BE91A1B2CA000376E12 /* StringExtension.m in Sources */,
				84554C9E1A22D7B400B033FF /* Seven_WenZhangProfitPoint.m in Sources */,
				84554C7C1A22D77D00B033FF /* Two_DaDieStrategy.m in Sources */,
				84719CD51A1B2B5E0057CC2A /* ViewController.m in Sources */,
				84719CCC1A1B2B5E0057CC2A /* main.m in Sources */,
				84554C551A22D73C00B033FF /* StrategyOrder.m in Sources */,
				84554C771A22D77D00B033FF /* OptionStrategy.m in Sources */,
				84554C721A22D77D00B033FF /* Eleven_XianPanZaiZhangStrategy.m in Sources */,
				84554C4D1A22D72A00B033FF /* OptionStrategyDetail.m in Sources */,
				84554C7A1A22D77D00B033FF /* Three_NiuPiPianHaoStrategy.m in Sources */,
				84554C761A22D77D00B033FF /* One_DaShengStrategy.m in Sources */,
				84554C751A22D77D00B033FF /* Nine_WenZhangZuoZhuangStrategy.m in Sources */,
				84554C791A22D77D00B033FF /* Six_NiuPiStrategy.m in Sources */,
				840FB0A81A1B3BA300007906 /* PTFcpQuoteTesterViewController.m in Sources */,
				84554C711A22D77D00B033FF /* Eight_WenDieStrategy.m in Sources */,
				840D8BEA1A1B2CA000376E12 /* UIColorExtension.m in Sources */,
				596DF4301A22D617000C1079 /* PTQuoteTableViewCell.m in Sources */,
			);
			runOnlyForDeploymentPostprocessing = 0;
		};
		84719CDE1A1B2B5E0057CC2A /* Sources */ = {
			isa = PBXSourcesBuildPhase;
			buildActionMask = 2147483647;
			files = (
				84719CE91A1B2B5E0057CC2A /* OptionStrategyTests.m in Sources */,
			);
			runOnlyForDeploymentPostprocessing = 0;
		};
/* End PBXSourcesBuildPhase section */

/* Begin PBXTargetDependency section */
		84719CE41A1B2B5E0057CC2A /* PBXTargetDependency */ = {
			isa = PBXTargetDependency;
			target = 84719CC51A1B2B5E0057CC2A /* OptionStrategy */;
			targetProxy = 84719CE31A1B2B5E0057CC2A /* PBXContainerItemProxy */;
		};
/* End PBXTargetDependency section */

/* Begin PBXVariantGroup section */
		84719CD61A1B2B5E0057CC2A /* Main.storyboard */ = {
			isa = PBXVariantGroup;
			children = (
				84719CD71A1B2B5E0057CC2A /* Base */,
			);
			name = Main.storyboard;
			sourceTree = "<group>";
		};
		84719CDB1A1B2B5E0057CC2A /* LaunchScreen.xib */ = {
			isa = PBXVariantGroup;
			children = (
				84719CDC1A1B2B5E0057CC2A /* Base */,
			);
			name = LaunchScreen.xib;
			sourceTree = "<group>";
		};
/* End PBXVariantGroup section */

/* Begin XCBuildConfiguration section */
		84719CEA1A1B2B5E0057CC2A /* Debug */ = {
			isa = XCBuildConfiguration;
			buildSettings = {
				ALWAYS_SEARCH_USER_PATHS = NO;
				CLANG_CXX_LANGUAGE_STANDARD = "gnu++0x";
				CLANG_CXX_LIBRARY = "libc++";
				CLANG_ENABLE_MODULES = YES;
				CLANG_ENABLE_OBJC_ARC = YES;
				CLANG_WARN_BOOL_CONVERSION = YES;
				CLANG_WARN_CONSTANT_CONVERSION = YES;
				CLANG_WARN_DIRECT_OBJC_ISA_USAGE = YES_ERROR;
				CLANG_WARN_EMPTY_BODY = YES;
				CLANG_WARN_ENUM_CONVERSION = YES;
				CLANG_WARN_INT_CONVERSION = YES;
				CLANG_WARN_OBJC_ROOT_CLASS = YES_ERROR;
				CLANG_WARN_UNREACHABLE_CODE = YES;
				CLANG_WARN__DUPLICATE_METHOD_MATCH = YES;
				"CODE_SIGN_IDENTITY[sdk=iphoneos*]" = "iPhone Developer";
				COPY_PHASE_STRIP = NO;
				ENABLE_STRICT_OBJC_MSGSEND = YES;
				GCC_C_LANGUAGE_STANDARD = gnu99;
				GCC_DYNAMIC_NO_PIC = NO;
				GCC_OPTIMIZATION_LEVEL = 0;
				GCC_PREPROCESSOR_DEFINITIONS = (
					"DEBUG=1",
					"$(inherited)",
				);
				GCC_SYMBOLS_PRIVATE_EXTERN = NO;
				GCC_WARN_64_TO_32_BIT_CONVERSION = YES;
				GCC_WARN_ABOUT_RETURN_TYPE = YES_ERROR;
				GCC_WARN_UNDECLARED_SELECTOR = YES;
				GCC_WARN_UNINITIALIZED_AUTOS = YES_AGGRESSIVE;
				GCC_WARN_UNUSED_FUNCTION = YES;
				GCC_WARN_UNUSED_VARIABLE = YES;
				IPHONEOS_DEPLOYMENT_TARGET = 8.0;
				MTL_ENABLE_DEBUG_INFO = YES;
				ONLY_ACTIVE_ARCH = YES;
				SDKROOT = iphoneos;
			};
			name = Debug;
		};
		84719CEB1A1B2B5E0057CC2A /* Release */ = {
			isa = XCBuildConfiguration;
			buildSettings = {
				ALWAYS_SEARCH_USER_PATHS = NO;
				CLANG_CXX_LANGUAGE_STANDARD = "gnu++0x";
				CLANG_CXX_LIBRARY = "libc++";
				CLANG_ENABLE_MODULES = YES;
				CLANG_ENABLE_OBJC_ARC = YES;
				CLANG_WARN_BOOL_CONVERSION = YES;
				CLANG_WARN_CONSTANT_CONVERSION = YES;
				CLANG_WARN_DIRECT_OBJC_ISA_USAGE = YES_ERROR;
				CLANG_WARN_EMPTY_BODY = YES;
				CLANG_WARN_ENUM_CONVERSION = YES;
				CLANG_WARN_INT_CONVERSION = YES;
				CLANG_WARN_OBJC_ROOT_CLASS = YES_ERROR;
				CLANG_WARN_UNREACHABLE_CODE = YES;
				CLANG_WARN__DUPLICATE_METHOD_MATCH = YES;
				"CODE_SIGN_IDENTITY[sdk=iphoneos*]" = "iPhone Developer";
				COPY_PHASE_STRIP = YES;
				ENABLE_NS_ASSERTIONS = NO;
				ENABLE_STRICT_OBJC_MSGSEND = YES;
				GCC_C_LANGUAGE_STANDARD = gnu99;
				GCC_WARN_64_TO_32_BIT_CONVERSION = YES;
				GCC_WARN_ABOUT_RETURN_TYPE = YES_ERROR;
				GCC_WARN_UNDECLARED_SELECTOR = YES;
				GCC_WARN_UNINITIALIZED_AUTOS = YES_AGGRESSIVE;
				GCC_WARN_UNUSED_FUNCTION = YES;
				GCC_WARN_UNUSED_VARIABLE = YES;
				IPHONEOS_DEPLOYMENT_TARGET = 8.0;
				MTL_ENABLE_DEBUG_INFO = NO;
				SDKROOT = iphoneos;
				VALIDATE_PRODUCT = YES;
			};
			name = Release;
		};
		84719CED1A1B2B5E0057CC2A /* Debug */ = {
			isa = XCBuildConfiguration;
			buildSettings = {
				ALWAYS_SEARCH_USER_PATHS = YES;
				ARCHS = (
					armv7,
					armv7s,
				);
				ASSETCATALOG_COMPILER_APPICON_NAME = AppIcon;
				INFOPLIST_FILE = OptionStrategy/Info.plist;
				IPHONEOS_DEPLOYMENT_TARGET = 6.1;
				LD_RUNPATH_SEARCH_PATHS = "$(inherited) @executable_path/Frameworks";
				LIBRARY_SEARCH_PATHS = (
					"$(inherited)",
					"$(PROJECT_DIR)/traderapi_v6.3.0_ios386",
					"$(PROJECT_DIR)/PolarisCtpDriver",
				);
				PRODUCT_NAME = "$(TARGET_NAME)";
				USER_HEADER_SEARCH_PATHS = "$(SOURCE_ROOT)/PolarisCtpDriver/**";
				VALID_ARCHS = "armv7 armv7s";
			};
			name = Debug;
		};
		84719CEE1A1B2B5E0057CC2A /* Release */ = {
			isa = XCBuildConfiguration;
			buildSettings = {
				ALWAYS_SEARCH_USER_PATHS = YES;
				ARCHS = (
					armv7,
					armv7s,
				);
				ASSETCATALOG_COMPILER_APPICON_NAME = AppIcon;
				INFOPLIST_FILE = OptionStrategy/Info.plist;
				IPHONEOS_DEPLOYMENT_TARGET = 6.1;
				LD_RUNPATH_SEARCH_PATHS = "$(inherited) @executable_path/Frameworks";
				LIBRARY_SEARCH_PATHS = (
					"$(inherited)",
					"$(PROJECT_DIR)/traderapi_v6.3.0_ios386",
					"$(PROJECT_DIR)/PolarisCtpDriver",
				);
				PRODUCT_NAME = "$(TARGET_NAME)";
				USER_HEADER_SEARCH_PATHS = "$(SOURCE_ROOT)/PolarisCtpDriver/**";
				VALID_ARCHS = "armv7 armv7s";
			};
			name = Release;
		};
		84719CF01A1B2B5E0057CC2A /* Debug */ = {
			isa = XCBuildConfiguration;
			buildSettings = {
				ARCHS = (
					armv7,
					armv7s,
				);
				BUNDLE_LOADER = "$(TEST_HOST)";
				FRAMEWORK_SEARCH_PATHS = (
					"$(SDKROOT)/Developer/Library/Frameworks",
					"$(inherited)",
				);
				GCC_PREPROCESSOR_DEFINITIONS = (
					"DEBUG=1",
					"$(inherited)",
				);
				INFOPLIST_FILE = OptionStrategyTests/Info.plist;
				LD_RUNPATH_SEARCH_PATHS = "$(inherited) @executable_path/Frameworks @loader_path/Frameworks";
				PRODUCT_NAME = "$(TARGET_NAME)";
				TEST_HOST = "$(BUILT_PRODUCTS_DIR)/OptionStrategy.app/OptionStrategy";
				VALID_ARCHS = "armv7 armv7s";
			};
			name = Debug;
		};
		84719CF11A1B2B5E0057CC2A /* Release */ = {
			isa = XCBuildConfiguration;
			buildSettings = {
				ARCHS = (
					armv7,
					armv7s,
				);
				BUNDLE_LOADER = "$(TEST_HOST)";
				FRAMEWORK_SEARCH_PATHS = (
					"$(SDKROOT)/Developer/Library/Frameworks",
					"$(inherited)",
				);
				INFOPLIST_FILE = OptionStrategyTests/Info.plist;
				LD_RUNPATH_SEARCH_PATHS = "$(inherited) @executable_path/Frameworks @loader_path/Frameworks";
				PRODUCT_NAME = "$(TARGET_NAME)";
				TEST_HOST = "$(BUILT_PRODUCTS_DIR)/OptionStrategy.app/OptionStrategy";
				VALID_ARCHS = "armv7 armv7s";
			};
			name = Release;
		};
/* End XCBuildConfiguration section */

/* Begin XCConfigurationList section */
		84719CC11A1B2B5E0057CC2A /* Build configuration list for PBXProject "OptionStrategy" */ = {
			isa = XCConfigurationList;
			buildConfigurations = (
				84719CEA1A1B2B5E0057CC2A /* Debug */,
				84719CEB1A1B2B5E0057CC2A /* Release */,
			);
			defaultConfigurationIsVisible = 0;
			defaultConfigurationName = Release;
		};
		84719CEC1A1B2B5E0057CC2A /* Build configuration list for PBXNativeTarget "OptionStrategy" */ = {
			isa = XCConfigurationList;
			buildConfigurations = (
				84719CED1A1B2B5E0057CC2A /* Debug */,
				84719CEE1A1B2B5E0057CC2A /* Release */,
			);
			defaultConfigurationIsVisible = 0;
			defaultConfigurationName = Release;
		};
		84719CEF1A1B2B5E0057CC2A /* Build configuration list for PBXNativeTarget "OptionStrategyTests" */ = {
			isa = XCConfigurationList;
			buildConfigurations = (
				84719CF01A1B2B5E0057CC2A /* Debug */,
				84719CF11A1B2B5E0057CC2A /* Release */,
			);
			defaultConfigurationIsVisible = 0;
			defaultConfigurationName = Release;
		};
/* End XCConfigurationList section */

/* Begin XCVersionGroup section */
		84719CD01A1B2B5E0057CC2A /* OptionStrategy.xcdatamodeld */ = {
			isa = XCVersionGroup;
			children = (
				84719CD11A1B2B5E0057CC2A /* OptionStrategy.xcdatamodel */,
			);
			currentVersion = 84719CD11A1B2B5E0057CC2A /* OptionStrategy.xcdatamodel */;
			path = OptionStrategy.xcdatamodeld;
			sourceTree = "<group>";
			versionGroupType = wrapper.xcdatamodel;
		};
/* End XCVersionGroup section */
	};
	rootObject = 84719CBE1A1B2B5E0057CC2A /* Project object */;
}
